
Microsoft Visual Studio Solution File, Format Version 12.00
# Visual Studio Version 16
VisualStudioVersion = 16.0.31019.35
MinimumVisualStudioVersion = 10.0.40219.1
Project("{9092AA53-FB77-4645-B42D-1CCCA6BD08BD}") = "FableManager", "FableManager.njsproj", "{80B259BB-9192-407D-9131-7DC85121DB6C}"
EndProject
Global
	GlobalSection(SolutionConfigurationPlatforms) = preSolution
		Debug|Any CPU = Debug|Any CPU
		Release|Any CPU = Release|Any CPU
	EndGlobalSection
	GlobalSection(ProjectConfigurationPlatforms) = postSolution
		{80B259BB-9192-407D-9131-7DC85121DB6C}.Debug|Any CPU.ActiveCfg = Debug|Any CPU
		{80B259BB-9192-407D-9131-7DC85121DB6C}.Debug|Any CPU.Build.0 = Debug|Any CPU
		{80B259BB-9192-407D-9131-7DC85121DB6C}.Release|Any CPU.ActiveCfg = Release|Any CPU
		{80B259BB-9192-407D-9131-7DC85121DB6C}.Release|Any CPU.Build.0 = Release|Any CPU
	EndGlobalSection
	GlobalSection(SolutionProperties) = preSolution
		HideSolutionNode = FALSE
	EndGlobalSection
	GlobalSection(ExtensibilityGlobals) = postSolution
		SolutionGuid = {ED709EA6-5753-4865-B533-1B0AE1DE8B6E}
	EndGlobalSection
EndGlobal
